
Microsoft Visual Studio Solution File, Format Version 12.00
# Visual Studio Version 17
VisualStudioVersion = 17.14.36518.9
MinimumVisualStudioVersion = 10.0.40219.1
Project("{FAE04EC0-301F-11D3-BF4B-00C04F79EFBC}") = "Portfolio", "Portfolio\Portfolio.csproj", "{AB69EF64-BCB3-4A11-8BCC-2F1B8E33C0C7}"
EndProject
Project("{2150E333-8FDC-42A3-9474-1A3956D46DE8}") = "Çözüm Öğeleri", "Çözüm Öğeleri", "{AC80F682-3D55-C8F8-4895-A4A9EDD49434}"
	ProjectSection(SolutionItems) = preProject
		.gitignore = .gitignore
		README.md = README.md
		web_config.txt = web_config.txt
	EndProjectSection
EndProject
Project("{2150E333-8FDC-42A3-9474-1A3956D46DE8}") = "NewFolder1", "NewFolder1", "{02EA681E-C7D8-13C7-8484-4AC65E1B71E8}"
EndProject
Global
	GlobalSection(SolutionConfigurationPlatforms) = preSolution
		Debug|Any CPU = Debug|Any CPU
		Release|Any CPU = Release|Any CPU
	EndGlobalSection
	GlobalSection(ProjectConfigurationPlatforms) = postSolution
		{AB69EF64-BCB3-4A11-8BCC-2F1B8E33C0C7}.Debug|Any CPU.ActiveCfg = Debug|Any CPU
		{AB69EF64-BCB3-4A11-8BCC-2F1B8E33C0C7}.Debug|Any CPU.Build.0 = Debug|Any CPU
		{AB69EF64-BCB3-4A11-8BCC-2F1B8E33C0C7}.Release|Any CPU.ActiveCfg = Release|Any CPU
		{AB69EF64-BCB3-4A11-8BCC-2F1B8E33C0C7}.Release|Any CPU.Build.0 = Release|Any CPU
	EndGlobalSection
	GlobalSection(SolutionProperties) = preSolution
		HideSolutionNode = FALSE
	EndGlobalSection
	GlobalSection(NestedProjects) = preSolution
		{02EA681E-C7D8-13C7-8484-4AC65E1B71E8} = {AC80F682-3D55-C8F8-4895-A4A9EDD49434}
	EndGlobalSection
	GlobalSection(ExtensibilityGlobals) = postSolution
		SolutionGuid = {8141463C-E136-427B-BDAA-7CF36CC44E77}
	EndGlobalSection
EndGlobal
